<?xml version="1.0" encoding="utf-8"?>
<Project ToolsVersion="4.0" xmlns="http://schemas.microsoft.com/developer/msbuild/2003">
  <ItemGroup>
    <Filter Include="源文件">
      <UniqueIdentifier>{4FC737F1-C7A5-4376-A066-2A32D752A2FF}</UniqueIdentifier>
      <Extensions>cpp;c;cc;cxx;def;odl;idl;hpj;bat;asm;asmx</Extensions>
    </Filter>
    <Filter Include="头文件">
      <UniqueIdentifier>{93995380-89BD-4b04-88EB-625FBE52EBFB}</UniqueIdentifier>
      <Extensions>h;hh;hpp;hxx;hm;inl;inc;xsd</Extensions>
    </Filter>
    <Filter Include="资源文件">
      <UniqueIdentifier>{67DA6AB6-F800-4c08-8B7A-83BB121AAD01}</UniqueIdentifier>
      <Extensions>rc;ico;cur;bmp;dlg;rc2;rct;bin;rgs;gif;jpg;jpeg;jpe;resx;tiff;tif;png;wav;mfcribbon-ms</Extensions>
    </Filter>
    <Filter Include="NFC">
      <UniqueIdentifier>{e18a770f-1c7c-4e1a-b07e-5338c22d686c}</UniqueIdentifier>
    </Filter>
    <Filter Include="CURL">
      <UniqueIdentifier>{cfbdfd5a-aaf1-4cc8-8812-28e32c9da196}</UniqueIdentifier>
    </Filter>
    <Filter Include="CURL\cppJson">
      <UniqueIdentifier>{0b637c5c-e5a8-4190-bd08-3cbf055b069a}</UniqueIdentifier>
    </Filter>
    <Filter Include="PlaySound">
      <UniqueIdentifier>{82ab5fff-18cb-42ed-a0f7-1d267bf55704}</UniqueIdentifier>
    </Filter>
    <Filter Include="MyTimer">
      <UniqueIdentifier>{a880b7a5-e59a-4983-b2a3-6c00396b71e2}</UniqueIdentifier>
    </Filter>
    <Filter Include="Log">
      <UniqueIdentifier>{b1864769-de9f-44a0-853f-b0593783c7d7}</UniqueIdentifier>
    </Filter>
  </ItemGroup>
  <ItemGroup>
    <Text Include="ReadMe.txt" />
  </ItemGroup>
  <ItemGroup>
    <ClInclude Include="stdafx.h">
      <Filter>头文件</Filter>
    </ClInclude>
    <ClInclude Include="targetver.h">
      <Filter>头文件</Filter>
    </ClInclude>
    <ClInclude Include="NFCReader.h">
      <Filter>NFC</Filter>
    </ClInclude>
    <ClInclude Include="Curl.h">
      <Filter>CURL</Filter>
    </ClInclude>
    <ClInclude Include="cppJson\json_batchallocator.h">
      <Filter>CURL\cppJson</Filter>
    </ClInclude>
    <ClInclude Include="cMyTimer.h">
      <Filter>MyTimer</Filter>
    </ClInclude>
    <ClInclude Include="PlaySound.h">
      <Filter>PlaySound</Filter>
    </ClInclude>
    <ClInclude Include="Log.h">
      <Filter>Log</Filter>
    </ClInclude>
  </ItemGroup>
  <ItemGroup>
    <ClCompile Include="stdafx.cpp">
      <Filter>源文件</Filter>
    </ClCompile>
    <ClCompile Include="white_tea_signin.cpp">
      <Filter>源文件</Filter>
    </ClCompile>
    <ClCompile Include="NFCReader.cpp">
      <Filter>NFC</Filter>
    </ClCompile>
    <ClCompile Include="Curl.cpp">
      <Filter>CURL</Filter>
    </ClCompile>
    <ClCompile Include="cppJson\json_writer.cpp">
      <Filter>CURL\cppJson</Filter>
    </ClCompile>
    <ClCompile Include="cppJson\json_reader.cpp">
      <Filter>CURL\cppJson</Filter>
    </ClCompile>
    <ClCompile Include="cppJson\json_value.cpp">
      <Filter>CURL\cppJson</Filter>
    </ClCompile>
    <ClCompile Include="PlaySound.cpp">
      <Filter>PlaySound</Filter>
    </ClCompile>
    <ClCompile Include="cMyTimer.cpp">
      <Filter>MyTimer</Filter>
    </ClCompile>
    <ClCompile Include="Log.cpp">
      <Filter>Log</Filter>
    </ClCompile>
  </ItemGroup>
</Project>